# @generated by Move, please check-in and do not edit manually.

[move]
version = 3
manifest_digest = "AE1D7FAC3DF19EA344086CA555E8C8281734E2BE1FEF32EC6A1307FF65BAF593"
deps_digest = "E3B0C44298FC1C149AFBF4C8996FB92427AE41E4649B934CA495991B7852B855"

[move.toolchain-version]
compiler-version = "1.37.3"
edition = "2024.beta"
flavor = "sui"
